
Microsoft Visual Studio Solution File, Format Version 12.00
# Visual Studio Version 16
VisualStudioVersion = 16.0.30413.136
MinimumVisualStudioVersion = 10.0.40219.1
Project("{FAE04EC0-301F-11D3-BF4B-00C04F79EFBC}") = "SimpleRestApi", "SimpleRestApi\SimpleRestApi.csproj", "{7E46D4E2-E843-4F60-8707-838F0842FE45}"
EndProject
Project("{FAE04EC0-301F-11D3-BF4B-00C04F79EFBC}") = "SimpleRestClient", "SimpleRestClient\SimpleRestClient.csproj", "{D08D2EB2-67B6-47B9-BC4B-A93D013D245E}"
EndProject
Global
	GlobalSection(SolutionConfigurationPlatforms) = preSolution
		Debug|Any CPU = Debug|Any CPU
		Release|Any CPU = Release|Any CPU
	EndGlobalSection
	GlobalSection(ProjectConfigurationPlatforms) = postSolution
		{7E46D4E2-E843-4F60-8707-838F0842FE45}.Debug|Any CPU.ActiveCfg = Debug|Any CPU
		{7E46D4E2-E843-4F60-8707-838F0842FE45}.Debug|Any CPU.Build.0 = Debug|Any CPU
		{7E46D4E2-E843-4F60-8707-838F0842FE45}.Release|Any CPU.ActiveCfg = Release|Any CPU
		{7E46D4E2-E843-4F60-8707-838F0842FE45}.Release|Any CPU.Build.0 = Release|Any CPU
		{D08D2EB2-67B6-47B9-BC4B-A93D013D245E}.Debug|Any CPU.ActiveCfg = Debug|Any CPU
		{D08D2EB2-67B6-47B9-BC4B-A93D013D245E}.Debug|Any CPU.Build.0 = Debug|Any CPU
		{D08D2EB2-67B6-47B9-BC4B-A93D013D245E}.Release|Any CPU.ActiveCfg = Release|Any CPU
		{D08D2EB2-67B6-47B9-BC4B-A93D013D245E}.Release|Any CPU.Build.0 = Release|Any CPU
	EndGlobalSection
	GlobalSection(SolutionProperties) = preSolution
		HideSolutionNode = FALSE
	EndGlobalSection
	GlobalSection(ExtensibilityGlobals) = postSolution
		SolutionGuid = {789582E8-5E9D-4249-A14F-A0E8B3BDDD4C}
	EndGlobalSection
EndGlobal
